// !$*UTF8*$!
{
 archiveVersion = 1;
 classes = {};
 objectVersion = 56;
 objects = {
000000000000000000000120 = {isa = PBXFileReference; lastKnownFileType = sourcecode.swift; path = "Models/WritingPreferences.swift"; sourceTree = "<group>"; };
000000000000000000000121 = {isa = PBXFileReference; lastKnownFileType = sourcecode.swift; path = "UI/WritingView.swift"; sourceTree = "<group>"; };
000000000000000000000122 = {isa = PBXBuildFile; fileRef = 000000000000000000000120; };
000000000000000000000123 = {isa = PBXBuildFile; fileRef = 000000000000000000000121; };
000000000000000000000124 = {isa = PBXGroup; children = (000000000000000000000120,000000000000000000000121); name = Writing; path = VoiceIntentRouter; sourceTree = "<group>"; };
000000000000000000000110 = {isa = PBXFileReference; lastKnownFileType = sourcecode.swift; path = "Models/ResponseHistory.swift"; sourceTree = "<group>"; };
000000000000000000000111 = {isa = PBXFileReference; lastKnownFileType = sourcecode.swift; path = "UI/CommandCenterView.swift"; sourceTree = "<group>"; };
000000000000000000000112 = {isa = PBXBuildFile; fileRef = 000000000000000000000110; };
000000000000000000000113 = {isa = PBXBuildFile; fileRef = 000000000000000000000111; };
000000000000000000000100 = {isa = PBXFileReference; lastKnownFileType = image.png; path = "voxen-logo-v1.png"; sourceTree = "<group>"; };
000000000000000000000101 = {isa = PBXFileReference; lastKnownFileType = image.icns; path = Voxen.icns; sourceTree = "<group>"; };
000000000000000000000102 = {isa = PBXBuildFile; fileRef = 000000000000000000000100; };
000000000000000000000103 = {isa = PBXBuildFile; fileRef = 000000000000000000000101; };
000000000000000000000104 = {isa = PBXGroup; children = (000000000000000000000100, 000000000000000000000101); path = VoiceIntentRouter/Resources; sourceTree = "<group>"; };
000000000000000000000105 = {isa = PBXResourcesBuildPhase; buildActionMask = 2147483647; files = (000000000000000000000102, 000000000000000000000103); runOnlyForDeploymentPostprocessing = 0; };
000000000000000000000064 = {isa = PBXFileReference; lastKnownFileType = sourcecode.swift; path = "App/VoiceIntentRouterApp.swift"; sourceTree = "<group>"; };
0000000000000000000000C8 = {isa = PBXBuildFile; fileRef = 000000000000000000000064; };
000000000000000000000065 = {isa = PBXFileReference; lastKnownFileType = sourcecode.swift; path = "App/AppState.swift"; sourceTree = "<group>"; };
0000000000000000000000C9 = {isa = PBXBuildFile; fileRef = 000000000000000000000065; };
000000000000000000000066 = {isa = PBXFileReference; lastKnownFileType = sourcecode.swift; path = "Audio/AudioRecorder.swift"; sourceTree = "<group>"; };
0000000000000000000000CA = {isa = PBXBuildFile; fileRef = 000000000000000000000066; };
000000000000000000000067 = {isa = PBXFileReference; lastKnownFileType = sourcecode.swift; path = "Audio/AudioLevelMonitor.swift"; sourceTree = "<group>"; };
0000000000000000000000CB = {isa = PBXBuildFile; fileRef = 000000000000000000000067; };
000000000000000000000068 = {isa = PBXFileReference; lastKnownFileType = sourcecode.swift; path = "Speech/SpeechTranscribing.swift"; sourceTree = "<group>"; };
0000000000000000000000CC = {isa = PBXBuildFile; fileRef = 000000000000000000000068; };
000000000000000000000069 = {isa = PBXFileReference; lastKnownFileType = sourcecode.swift; path = "Speech/AssemblyAIService.swift"; sourceTree = "<group>"; };
0000000000000000000000CD = {isa = PBXBuildFile; fileRef = 000000000000000000000069; };
00000000000000000000006A = {isa = PBXFileReference; lastKnownFileType = sourcecode.swift; path = "Context/ContextMode.swift"; sourceTree = "<group>"; };
0000000000000000000000CE = {isa = PBXBuildFile; fileRef = 00000000000000000000006A; };
00000000000000000000006B = {isa = PBXFileReference; lastKnownFileType = sourcecode.swift; path = "Context/VoiceContext.swift"; sourceTree = "<group>"; };
0000000000000000000000CF = {isa = PBXBuildFile; fileRef = 00000000000000000000006B; };
00000000000000000000006C = {isa = PBXFileReference; lastKnownFileType = sourcecode.swift; path = "Context/ApplicationDetector.swift"; sourceTree = "<group>"; };
0000000000000000000000D0 = {isa = PBXBuildFile; fileRef = 00000000000000000000006C; };
00000000000000000000006D = {isa = PBXFileReference; lastKnownFileType = sourcecode.swift; path = "Context/SelectedTextReader.swift"; sourceTree = "<group>"; };
0000000000000000000000D1 = {isa = PBXBuildFile; fileRef = 00000000000000000000006D; };
00000000000000000000006E = {isa = PBXFileReference; lastKnownFileType = sourcecode.swift; path = "Intent/LLMProvider.swift"; sourceTree = "<group>"; };
0000000000000000000000D2 = {isa = PBXBuildFile; fileRef = 00000000000000000000006E; };
00000000000000000000006F = {isa = PBXFileReference; lastKnownFileType = sourcecode.swift; path = "Intent/IntentTransformer.swift"; sourceTree = "<group>"; };
0000000000000000000000D3 = {isa = PBXBuildFile; fileRef = 00000000000000000000006F; };
000000000000000000000070 = {isa = PBXFileReference; lastKnownFileType = sourcecode.swift; path = "Intent/PromptTemplates.swift"; sourceTree = "<group>"; };
0000000000000000000000D4 = {isa = PBXBuildFile; fileRef = 000000000000000000000070; };
000000000000000000000071 = {isa = PBXFileReference; lastKnownFileType = sourcecode.swift; path = "Input/GlobalHotkeyManager.swift"; sourceTree = "<group>"; };
0000000000000000000000D5 = {isa = PBXBuildFile; fileRef = 000000000000000000000071; };
000000000000000000000072 = {isa = PBXFileReference; lastKnownFileType = sourcecode.swift; path = "Output/ClipboardManager.swift"; sourceTree = "<group>"; };
0000000000000000000000D6 = {isa = PBXBuildFile; fileRef = 000000000000000000000072; };
000000000000000000000073 = {isa = PBXFileReference; lastKnownFileType = sourcecode.swift; path = "Output/ClipboardOutput.swift"; sourceTree = "<group>"; };
0000000000000000000000D7 = {isa = PBXBuildFile; fileRef = 000000000000000000000073; };
000000000000000000000074 = {isa = PBXFileReference; lastKnownFileType = sourcecode.swift; path = "Permissions/PermissionManager.swift"; sourceTree = "<group>"; };
0000000000000000000000D8 = {isa = PBXBuildFile; fileRef = 000000000000000000000074; };
000000000000000000000075 = {isa = PBXFileReference; lastKnownFileType = sourcecode.swift; path = "UI/FloatingOverlayView.swift"; sourceTree = "<group>"; };
0000000000000000000000D9 = {isa = PBXBuildFile; fileRef = 000000000000000000000075; };
000000000000000000000076 = {isa = PBXFileReference; lastKnownFileType = sourcecode.swift; path = "UI/SettingsView.swift"; sourceTree = "<group>"; };
0000000000000000000000DA = {isa = PBXBuildFile; fileRef = 000000000000000000000076; };
000000000000000000000077 = {isa = PBXFileReference; lastKnownFileType = sourcecode.swift; path = "UI/OnboardingView.swift"; sourceTree = "<group>"; };
0000000000000000000000DB = {isa = PBXBuildFile; fileRef = 000000000000000000000077; };
000000000000000000000078 = {isa = PBXFileReference; lastKnownFileType = sourcecode.swift; path = "Models/APIClient.swift"; sourceTree = "<group>"; };
0000000000000000000000DC = {isa = PBXBuildFile; fileRef = 000000000000000000000078; };
000000000000000000000079 = {isa = PBXFileReference; lastKnownFileType = sourcecode.swift; path = "Models/AppSettings.swift"; sourceTree = "<group>"; };
0000000000000000000000DD = {isa = PBXBuildFile; fileRef = 000000000000000000000079; };
00000000000000000000007A = {isa = PBXFileReference; lastKnownFileType = sourcecode.swift; path = "Models/RouterError.swift"; sourceTree = "<group>"; };
0000000000000000000000DE = {isa = PBXBuildFile; fileRef = 00000000000000000000007A; };
000000000000000000000001 = {isa = PBXProject; attributes = {LastUpgradeCheck = 1600;}; buildConfigurationList = 00000000000000000000000A; compatibilityVersion = "Xcode 14.0"; developmentRegion = en; hasScannedForEncodings = 0; knownRegions = (en, Base); mainGroup = 000000000000000000000002; productRefGroup = 000000000000000000000004; projectDirPath = ""; projectRoot = ""; targets = (000000000000000000000005); };
000000000000000000000002 = {isa = PBXGroup; children = (000000000000000000000003, 000000000000000000000004, 000000000000000000000104, 000000000000000000000124); sourceTree = "<group>"; };
000000000000000000000003 = {isa = PBXGroup; children = (000000000000000000000110,000000000000000000000111,000000000000000000000064,000000000000000000000065,000000000000000000000066,000000000000000000000067,000000000000000000000068,000000000000000000000069,00000000000000000000006A,00000000000000000000006B,00000000000000000000006C,00000000000000000000006D,00000000000000000000006E,00000000000000000000006F,000000000000000000000070,000000000000000000000071,000000000000000000000072,000000000000000000000073,000000000000000000000074,000000000000000000000075,000000000000000000000076,000000000000000000000077,000000000000000000000078,000000000000000000000079,00000000000000000000007A,000000000000000000000008,000000000000000000000009); path = VoiceIntentRouter; sourceTree = "<group>"; };
000000000000000000000004 = {isa = PBXGroup; children = (000000000000000000000006); name = Products; sourceTree = "<group>"; };
000000000000000000000005 = {isa = PBXNativeTarget; buildConfigurationList = 00000000000000000000000B; buildPhases = (000000000000000000000007, 000000000000000000000105); buildRules = (); dependencies = (); name = VoiceIntentRouter; productName = VoiceIntentRouter; productReference = 000000000000000000000006; productType = "com.apple.product-type.application"; };
000000000000000000000006 = {isa = PBXFileReference; explicitFileType = wrapper.application; includeInIndex = 0; path = "Voxen.app"; sourceTree = BUILT_PRODUCTS_DIR; };
000000000000000000000007 = {isa = PBXSourcesBuildPhase; buildActionMask = 2147483647; files = (000000000000000000000122,000000000000000000000123,000000000000000000000112,000000000000000000000113,0000000000000000000000C8,0000000000000000000000C9,0000000000000000000000CA,0000000000000000000000CB,0000000000000000000000CC,0000000000000000000000CD,0000000000000000000000CE,0000000000000000000000CF,0000000000000000000000D0,0000000000000000000000D1,0000000000000000000000D2,0000000000000000000000D3,0000000000000000000000D4,0000000000000000000000D5,0000000000000000000000D6,0000000000000000000000D7,0000000000000000000000D8,0000000000000000000000D9,0000000000000000000000DA,0000000000000000000000DB,0000000000000000000000DC,0000000000000000000000DD,0000000000000000000000DE); runOnlyForDeploymentPostprocessing = 0; };
000000000000000000000008 = {isa = PBXFileReference; lastKnownFileType = text.plist.xml; path = Info.plist; sourceTree = "<group>"; };
000000000000000000000009 = {isa = PBXFileReference; lastKnownFileType = text.plist.entitlements; path = VoiceIntentRouter.entitlements; sourceTree = "<group>"; };
00000000000000000000000A = {isa = XCConfigurationList; buildConfigurations = (00000000000000000000000C, 00000000000000000000000D); defaultConfigurationIsVisible = 0; defaultConfigurationName = Release; };
00000000000000000000000B = {isa = XCConfigurationList; buildConfigurations = (00000000000000000000000E, 00000000000000000000000F); defaultConfigurationIsVisible = 0; defaultConfigurationName = Release; };
00000000000000000000000C = {isa = XCBuildConfiguration; buildSettings = {CLANG_ENABLE_MODULES = YES; MACOSX_DEPLOYMENT_TARGET = 14.0; SDKROOT = macosx; SWIFT_VERSION = 5.0; }; name = Debug; };
00000000000000000000000E = {isa = XCBuildConfiguration; buildSettings = {CODE_SIGN_STYLE = Manual; CODE_SIGN_IDENTITY = "-"; CODE_SIGN_ENTITLEMENTS = VoiceIntentRouter/VoiceIntentRouter.entitlements; ENABLE_APP_SANDBOX = NO; ENABLE_HARDENED_RUNTIME = YES; GENERATE_INFOPLIST_FILE = NO; INFOPLIST_FILE = VoiceIntentRouter/Info.plist; PRODUCT_BUNDLE_IDENTIFIER = dev.voiceintent.router; PRODUCT_NAME = Voxen; EXECUTABLE_NAME = VoiceIntentRouter; SWIFT_OPTIMIZATION_LEVEL = "-Onone"; SWIFT_ACTIVE_COMPILATION_CONDITIONS = "DEBUG"; LD_RUNPATH_SEARCH_PATHS = "$(inherited) @executable_path/../Frameworks"; }; name = Debug; };
00000000000000000000000D = {isa = XCBuildConfiguration; buildSettings = {CLANG_ENABLE_MODULES = YES; MACOSX_DEPLOYMENT_TARGET = 14.0; SDKROOT = macosx; SWIFT_VERSION = 5.0; }; name = Release; };
00000000000000000000000F = {isa = XCBuildConfiguration; buildSettings = {CODE_SIGN_STYLE = Manual; CODE_SIGN_IDENTITY = "-"; CODE_SIGN_ENTITLEMENTS = VoiceIntentRouter/VoiceIntentRouter.entitlements; ENABLE_APP_SANDBOX = NO; ENABLE_HARDENED_RUNTIME = YES; GENERATE_INFOPLIST_FILE = NO; INFOPLIST_FILE = VoiceIntentRouter/Info.plist; PRODUCT_BUNDLE_IDENTIFIER = dev.voiceintent.router; PRODUCT_NAME = Voxen; EXECUTABLE_NAME = VoiceIntentRouter; SWIFT_OPTIMIZATION_LEVEL = "-O"; SWIFT_ACTIVE_COMPILATION_CONDITIONS = ""; LD_RUNPATH_SEARCH_PATHS = "$(inherited) @executable_path/../Frameworks"; }; name = Release; };
 };
 rootObject = 000000000000000000000001;
}
